
Microsoft Visual Studio Solution File, Format Version 11.00
# Visual Studio 2010
Project("{FAE04EC0-301F-11D3-BF4B-00C04F79EFBC}") = "Unity.Timeline", "Unity.Timeline.csproj", "{aefd249a-cd4e-a5b5-d531-8ab98bd84847}"
EndProject
Project("{FAE04EC0-301F-11D3-BF4B-00C04F79EFBC}") = "spine-csharp", "spine-csharp.csproj", "{d3f75d6d-3138-0ada-1de1-54eae5265e99}"
EndProject
Project("{FAE04EC0-301F-11D3-BF4B-00C04F79EFBC}") = "Unity.2D.Aseprite.Editor", "Unity.2D.Aseprite.Editor.csproj", "{0bef219c-ebf4-dc30-b480-0a182318f597}"
EndProject
Project("{FAE04EC0-301F-11D3-BF4B-00C04F79EFBC}") = "Unity.VisualScripting.Flow", "Unity.VisualScripting.Flow.csproj", "{27b16fe1-6aa1-3d9c-58cd-0fc2fb490634}"
EndProject
Project("{FAE04EC0-301F-11D3-BF4B-00C04F79EFBC}") = "UnityEditor.UI", "UnityEditor.UI.csproj", "{b4c97af0-78c0-439d-a556-b6d31aff9c9e}"
EndProject
Project("{FAE04EC0-301F-11D3-BF4B-00C04F79EFBC}") = "Unity.Timeline.Editor", "Unity.Timeline.Editor.csproj", "{e9c4364f-e2cb-77b6-a6b6-ce72e99c03b8}"
EndProject
Project("{FAE04EC0-301F-11D3-BF4B-00C04F79EFBC}") = "Unity.PlasticSCM.Editor", "Unity.PlasticSCM.Editor.csproj", "{76b76c0c-c77c-b403-c3f6-00d1fa3736d2}"
EndProject
Project("{FAE04EC0-301F-11D3-BF4B-00C04F79EFBC}") = "Unity.Mathematics", "Unity.Mathematics.csproj", "{372f77df-f07e-cde7-a519-529466b0b4eb}"
EndProject
Project("{FAE04EC0-301F-11D3-BF4B-00C04F79EFBC}") = "Unity.2D.Common.Path.Editor", "Unity.2D.Common.Path.Editor.csproj", "{2122b64b-b866-b749-d0cf-125d726d5fdc}"
EndProject
Project("{FAE04EC0-301F-11D3-BF4B-00C04F79EFBC}") = "Unity.2D.Psdimporter.Editor", "Unity.2D.Psdimporter.Editor.csproj", "{737dea85-3ec9-64d2-2712-5dfca84bea92}"
EndProject
Project("{FAE04EC0-301F-11D3-BF4B-00C04F79EFBC}") = "Unity.2D.IK.Runtime", "Unity.2D.IK.Runtime.csproj", "{e62f7ad2-75cd-a525-59cf-8551d54dc399}"
EndProject
Project("{FAE04EC0-301F-11D3-BF4B-00C04F79EFBC}") = "Unity.VisualScripting.Core.Editor", "Unity.VisualScripting.Core.Editor.csproj", "{d28f1ffd-1435-5ed2-b884-56efb4dfbfb2}"
EndProject
Project("{FAE04EC0-301F-11D3-BF4B-00C04F79EFBC}") = "UnityEditor.TestRunner", "UnityEditor.TestRunner.csproj", "{957b9bea-80f0-5858-3490-fc3871bb51d0}"
EndProject
Project("{FAE04EC0-301F-11D3-BF4B-00C04F79EFBC}") = "Unity.TextMeshPro.Editor", "Unity.TextMeshPro.Editor.csproj", "{e4d4f4e2-99b1-2079-e8ab-aa717f6cda24}"
EndProject
Project("{FAE04EC0-301F-11D3-BF4B-00C04F79EFBC}") = "UnityEngine.TestRunner", "UnityEngine.TestRunner.csproj", "{0417b2a7-0ef2-7037-5bd3-082e2bd81e83}"
EndProject
Project("{FAE04EC0-301F-11D3-BF4B-00C04F79EFBC}") = "Unity.VisualScripting.Core", "Unity.VisualScripting.Core.csproj", "{9fbaff6d-4acc-f17a-4dc1-b079e4d67ac9}"
EndProject
Project("{FAE04EC0-301F-11D3-BF4B-00C04F79EFBC}") = "Unity.VisualScripting.Flow.Editor", "Unity.VisualScripting.Flow.Editor.csproj", "{04e81d58-0a33-987c-07be-2f7d0be6b231}"
EndProject
Project("{FAE04EC0-301F-11D3-BF4B-00C04F79EFBC}") = "Unity.2D.Tilemap.Editor", "Unity.2D.Tilemap.Editor.csproj", "{a4a4d326-3263-a2fd-3ad0-405b91e46c16}"
EndProject
Project("{FAE04EC0-301F-11D3-BF4B-00C04F79EFBC}") = "Unity.Burst", "Unity.Burst.csproj", "{0a3ed937-f9c0-6e5a-e4c8-b2a0c75acac8}"
EndProject
Project("{FAE04EC0-301F-11D3-BF4B-00C04F79EFBC}") = "PsdPlugin", "PsdPlugin.csproj", "{d962a9e9-f291-16bf-fd65-a41f7f5a1b48}"
EndProject
Project("{FAE04EC0-301F-11D3-BF4B-00C04F79EFBC}") = "Unity.Collections", "Unity.Collections.csproj", "{ac6b5ddc-08d0-66c7-c21a-07f179b0d538}"
EndProject
Project("{FAE04EC0-301F-11D3-BF4B-00C04F79EFBC}") = "Unity.2D.Animation.Editor", "Unity.2D.Animation.Editor.csproj", "{e86473ae-c7a0-08ab-9926-3f1e10db48f9}"
EndProject
Project("{FAE04EC0-301F-11D3-BF4B-00C04F79EFBC}") = "Unity.2D.SpriteShape.Editor", "Unity.2D.SpriteShape.Editor.csproj", "{2ff992b7-d3e5-44bd-6073-88765daf36fe}"
EndProject
Project("{FAE04EC0-301F-11D3-BF4B-00C04F79EFBC}") = "Unity.VisualStudio.Editor", "Unity.VisualStudio.Editor.csproj", "{2a3e4c00-3e5e-f56f-4fd6-e11d5542d386}"
EndProject
Project("{FAE04EC0-301F-11D3-BF4B-00C04F79EFBC}") = "spine-unity-editor", "spine-unity-editor.csproj", "{0a8940cc-2f73-b6e9-8689-bb3f410af331}"
EndProject
Project("{FAE04EC0-301F-11D3-BF4B-00C04F79EFBC}") = "spine-unity-examples", "spine-unity-examples.csproj", "{a1c75228-f2fe-734b-c24b-430c1fd82869}"
EndProject
Project("{FAE04EC0-301F-11D3-BF4B-00C04F79EFBC}") = "spine-unity", "spine-unity.csproj", "{92affd20-bcd8-0341-32b1-06e97d146ddc}"
EndProject
Project("{FAE04EC0-301F-11D3-BF4B-00C04F79EFBC}") = "Unity.Rider.Editor", "Unity.Rider.Editor.csproj", "{fe61732f-a7d8-974c-2174-7c790cbc3461}"
EndProject
Project("{FAE04EC0-301F-11D3-BF4B-00C04F79EFBC}") = "Unity.InternalAPIEditorBridge.001", "Unity.InternalAPIEditorBridge.001.csproj", "{fe07ba9b-097d-7f3c-4479-6f68ccd3192a}"
EndProject
Project("{FAE04EC0-301F-11D3-BF4B-00C04F79EFBC}") = "Unity.2D.SpriteShape.Runtime", "Unity.2D.SpriteShape.Runtime.csproj", "{da6ef9c4-6019-a92e-0734-bef29ac6d9ee}"
EndProject
Project("{FAE04EC0-301F-11D3-BF4B-00C04F79EFBC}") = "Unity.VisualScripting.State.Editor", "Unity.VisualScripting.State.Editor.csproj", "{8e509f06-ff7a-3672-96f9-b0df3ef2423d}"
EndProject
Project("{FAE04EC0-301F-11D3-BF4B-00C04F79EFBC}") = "UnityEngine.UI", "UnityEngine.UI.csproj", "{7bcb8b0d-1c80-ca3d-c985-c25086bda1e4}"
EndProject
Project("{FAE04EC0-301F-11D3-BF4B-00C04F79EFBC}") = "ScriptablePacker", "ScriptablePacker.csproj", "{5c938f0f-7318-56ca-b0c0-a78760bf8d8b}"
EndProject
Project("{FAE04EC0-301F-11D3-BF4B-00C04F79EFBC}") = "Unity.Burst.CodeGen", "Unity.Burst.CodeGen.csproj", "{50e965f0-5ece-dfad-72da-9e3566c0a382}"
EndProject
Project("{FAE04EC0-301F-11D3-BF4B-00C04F79EFBC}") = "Unity.VisualScripting.State", "Unity.VisualScripting.State.csproj", "{c64e0b35-fd6d-a2fc-5b93-aba7e9204a37}"
EndProject
Project("{FAE04EC0-301F-11D3-BF4B-00C04F79EFBC}") = "Unity.TextMeshPro", "Unity.TextMeshPro.csproj", "{c4fc89ff-2201-1910-69fc-2a14e1ac6a50}"
EndProject
Project("{FAE04EC0-301F-11D3-BF4B-00C04F79EFBC}") = "Unity.2D.Tilemap.Extras.Editor", "Unity.2D.Tilemap.Extras.Editor.csproj", "{fcef9cc6-8bd2-262f-a73a-1ac58d28ebef}"
EndProject
Project("{FAE04EC0-301F-11D3-BF4B-00C04F79EFBC}") = "Unity.2D.Animation.Runtime", "Unity.2D.Animation.Runtime.csproj", "{a2df20be-46ca-9a26-a371-3486ba9be53b}"
EndProject
Project("{FAE04EC0-301F-11D3-BF4B-00C04F79EFBC}") = "Unity.VisualScripting.SettingsProvider.Editor", "Unity.VisualScripting.SettingsProvider.Editor.csproj", "{bd3f6a9f-0d68-349e-e282-3ff74e93c420}"
EndProject
Project("{FAE04EC0-301F-11D3-BF4B-00C04F79EFBC}") = "Unity.2D.IK.Editor", "Unity.2D.IK.Editor.csproj", "{e095e756-ab6a-9c69-779c-83d053453bef}"
EndProject
Project("{FAE04EC0-301F-11D3-BF4B-00C04F79EFBC}") = "Unity.InternalAPIEngineBridge.001", "Unity.InternalAPIEngineBridge.001.csproj", "{ca17fa33-c496-841f-a029-0f98b59d8959}"
EndProject
Project("{FAE04EC0-301F-11D3-BF4B-00C04F79EFBC}") = "Unity.2D.Aseprite.Common", "Unity.2D.Aseprite.Common.csproj", "{3cbe5214-7ccd-dbd3-8a57-9866aaebb6ea}"
EndProject
Project("{FAE04EC0-301F-11D3-BF4B-00C04F79EFBC}") = "Unity.Burst.Editor", "Unity.Burst.Editor.csproj", "{c0771a30-6b09-06a7-2fc6-abbf47ea8dff}"
EndProject
Project("{FAE04EC0-301F-11D3-BF4B-00C04F79EFBC}") = "Unity.2D.Common.Editor", "Unity.2D.Common.Editor.csproj", "{09372241-0822-099a-5fcf-1c2335db4ae4}"
EndProject
Project("{FAE04EC0-301F-11D3-BF4B-00C04F79EFBC}") = "Unity.2D.PixelPerfect", "Unity.2D.PixelPerfect.csproj", "{715eea7d-409f-c681-5c32-77884c6cecaa}"
EndProject
Project("{FAE04EC0-301F-11D3-BF4B-00C04F79EFBC}") = "Unity.2D.PixelPerfect.Editor", "Unity.2D.PixelPerfect.Editor.csproj", "{9d9b05f6-29e6-406e-65c7-28c2db2be324}"
EndProject
Project("{FAE04EC0-301F-11D3-BF4B-00C04F79EFBC}") = "Unity.2D.Sprite.Editor", "Unity.2D.Sprite.Editor.csproj", "{d6ea095f-48a8-4383-13b9-b67a2395bbf9}"
EndProject
Project("{FAE04EC0-301F-11D3-BF4B-00C04F79EFBC}") = "Unity.2D.Common.Runtime", "Unity.2D.Common.Runtime.csproj", "{5f3cfaaa-7d67-b935-4304-fdfdae02b6db}"
EndProject
Project("{FAE04EC0-301F-11D3-BF4B-00C04F79EFBC}") = "Unity.Mathematics.Editor", "Unity.Mathematics.Editor.csproj", "{e91dbbad-2585-cdb0-5037-b9c9fac4ad89}"
EndProject
Project("{FAE04EC0-301F-11D3-BF4B-00C04F79EFBC}") = "Unity.2D.Tilemap.Extras", "Unity.2D.Tilemap.Extras.csproj", "{b0a26ecf-3901-89fb-092a-26bd42298652}"
EndProject
Project("{FAE04EC0-301F-11D3-BF4B-00C04F79EFBC}") = "spine-unity-examples-editor", "spine-unity-examples-editor.csproj", "{4d4626d3-859c-4fb3-1226-2a787a8b212f}"
EndProject
Project("{FAE04EC0-301F-11D3-BF4B-00C04F79EFBC}") = "DynamicExecuteCode", "DynamicExecuteCode.csproj", "{3da245fa-ce4a-1e73-c4ed-f8e18e462db4}"
EndProject
Project("{FAE04EC0-301F-11D3-BF4B-00C04F79EFBC}") = "Unity.InternalAPIEditorBridge.005", "Unity.InternalAPIEditorBridge.005.csproj", "{e92326c1-4889-fc95-c6a1-e911aa0030b9}"
EndProject
Project("{FAE04EC0-301F-11D3-BF4B-00C04F79EFBC}") = "Unity.VisualScripting.Shared.Editor", "Unity.VisualScripting.Shared.Editor.csproj", "{14b73ec0-b4a2-7bea-a123-bf9eea70bd80}"
EndProject
Project("{FAE04EC0-301F-11D3-BF4B-00C04F79EFBC}") = "Unity.Collections.DocCodeSamples", "Unity.Collections.DocCodeSamples.csproj", "{450f1d6e-cb4c-be46-5d6f-fc0eee87bf2e}"
EndProject
Project("{FAE04EC0-301F-11D3-BF4B-00C04F79EFBC}") = "Unity.Collections.BurstCompatibilityGen", "Unity.Collections.BurstCompatibilityGen.csproj", "{b6d63b54-57bc-133a-a61a-06044f960a2b}"
EndProject
Project("{FAE04EC0-301F-11D3-BF4B-00C04F79EFBC}") = "Unity.CollabProxy.Editor", "Unity.CollabProxy.Editor.csproj", "{67258307-d544-8405-0005-6d73b3f826fd}"
EndProject
Project("{FAE04EC0-301F-11D3-BF4B-00C04F79EFBC}") = "Framework", "Framework.csproj", "{3ac0d923-3850-8cb5-28a0-6b2ee6a558e5}"
EndProject
Project("{FAE04EC0-301F-11D3-BF4B-00C04F79EFBC}") = "Assembly-CSharp", "Assembly-CSharp.csproj", "{cbf82148-255b-bbc5-0ded-b75374829318}"
EndProject
Project("{FAE04EC0-301F-11D3-BF4B-00C04F79EFBC}") = "UnityEngine.UI.Tests", "UnityEngine.UI.Tests.csproj", "{df6d5ebc-ced2-b93c-fab3-b2fd8a03e472}"
EndProject
Project("{FAE04EC0-301F-11D3-BF4B-00C04F79EFBC}") = "Assembly-CSharp-Editor", "Assembly-CSharp-Editor.csproj", "{a794256e-b971-b7a7-110e-b0a67d634ee5}"
EndProject
Project("{FAE04EC0-301F-11D3-BF4B-00C04F79EFBC}") = "Assembly-CSharp-firstpass", "Assembly-CSharp-firstpass.csproj", "{ffc02c3c-79ce-3639-4344-64c508436470}"
EndProject
Project("{FAE04EC0-301F-11D3-BF4B-00C04F79EFBC}") = "Unity.Burst.Tests.UnitTests", "Unity.Burst.Tests.UnitTests.csproj", "{0f05c270-165e-49fd-e2fe-ae87866040ef}"
EndProject
Project("{FAE04EC0-301F-11D3-BF4B-00C04F79EFBC}") = "UnityEditor.UI.EditorTests", "UnityEditor.UI.EditorTests.csproj", "{b4602bf9-438d-242e-cda3-09c5c33f62d8}"
EndProject
Project("{FAE04EC0-301F-11D3-BF4B-00C04F79EFBC}") = "Unity.Mathematics.Tests", "Unity.Mathematics.Tests.csproj", "{fd44c0d9-b2b6-5894-654e-4e2bf19b64be}"
EndProject
Project("{FAE04EC0-301F-11D3-BF4B-00C04F79EFBC}") = "Unity.TextMeshPro.Tests", "Unity.TextMeshPro.Tests.csproj", "{24b27bc5-b0df-e194-3a45-5c3c3347a1aa}"
EndProject
Project("{FAE04EC0-301F-11D3-BF4B-00C04F79EFBC}") = "Unity.2D.Aseprite.EditorTests", "Unity.2D.Aseprite.EditorTests.csproj", "{00c82463-3986-dd3a-70f1-2b7928350fcc}"
EndProject
Project("{FAE04EC0-301F-11D3-BF4B-00C04F79EFBC}") = "Unity.2D.Sprite.Package.EditorTests", "Unity.2D.Sprite.Package.EditorTests.csproj", "{79da1a7c-c359-7903-988d-42c692fcd49b}"
EndProject
Project("{FAE04EC0-301F-11D3-BF4B-00C04F79EFBC}") = "Unity.2D.Tilemap.Package.EditorTests", "Unity.2D.Tilemap.Package.EditorTests.csproj", "{6f5b295c-ee86-684a-db2a-4f5c13938dc6}"
EndProject
Project("{FAE04EC0-301F-11D3-BF4B-00C04F79EFBC}") = "Unity.2D.PixelPerfect.EditorTests", "Unity.2D.PixelPerfect.EditorTests.csproj", "{683824b3-1125-cea8-2fbd-cfb3e71afb34}"
EndProject
Project("{FAE04EC0-301F-11D3-BF4B-00C04F79EFBC}") = "Unity.Burst.Editor.Tests", "Unity.Burst.Editor.Tests.csproj", "{f8ac3020-2779-394a-bdb5-53dd9cba01d9}"
EndProject
Project("{FAE04EC0-301F-11D3-BF4B-00C04F79EFBC}") = "Unity.2D.SpriteShape.EditorTests", "Unity.2D.SpriteShape.EditorTests.csproj", "{995ff0a0-82ab-9dcf-8d5e-e8e5cf5a9c69}"
EndProject
Project("{FAE04EC0-301F-11D3-BF4B-00C04F79EFBC}") = "Unity.2D.Common.EditorTests", "Unity.2D.Common.EditorTests.csproj", "{7e7ecedd-49ab-ba91-aec4-1b5e39fe9098}"
EndProject
Project("{FAE04EC0-301F-11D3-BF4B-00C04F79EFBC}") = "Unity.2D.Psdimporter.EditorTests", "Unity.2D.Psdimporter.EditorTests.csproj", "{2781099d-1205-4ca1-94ac-38c870128c5a}"
EndProject
Project("{FAE04EC0-301F-11D3-BF4B-00C04F79EFBC}") = "DocCodeExamples", "DocCodeExamples.csproj", "{552afd5c-a1f1-d019-ee24-4f463590eff0}"
EndProject
Project("{FAE04EC0-301F-11D3-BF4B-00C04F79EFBC}") = "Unity.TextMeshPro.Editor.Tests", "Unity.TextMeshPro.Editor.Tests.csproj", "{29245422-6601-f160-c277-2731e24a1964}"
EndProject
Project("{FAE04EC0-301F-11D3-BF4B-00C04F79EFBC}") = "Unity.2D.Tilemap.Extras.Placeholder.EditorTests", "Unity.2D.Tilemap.Extras.Placeholder.EditorTests.csproj", "{e58e2be1-6409-e2b4-0bf1-d39f27cc6907}"
EndProject
Project("{FAE04EC0-301F-11D3-BF4B-00C04F79EFBC}") = "Unity.Collections.Tests", "Unity.Collections.Tests.csproj", "{b53df6e3-e018-d94b-2e76-8b66263259b8}"
EndProject
Project("{FAE04EC0-301F-11D3-BF4B-00C04F79EFBC}") = "Unity.2D.Animation.EditorTests", "Unity.2D.Animation.EditorTests.csproj", "{f0a06bb2-1cdf-59f6-6f1c-7e9b41547957}"
EndProject
Project("{FAE04EC0-301F-11D3-BF4B-00C04F79EFBC}") = "Unity.Collections.Tests.Playmode", "Unity.Collections.Tests.Playmode.csproj", "{7c5cff21-4f20-6e4b-8e97-2983a0e87b2d}"
EndProject
Project("{FAE04EC0-301F-11D3-BF4B-00C04F79EFBC}") = "SeparateAssembly", "SeparateAssembly.csproj", "{e49e384d-4f02-204e-5bbf-1ba69e7895ab}"
EndProject
Project("{FAE04EC0-301F-11D3-BF4B-00C04F79EFBC}") = "OverloadedFunctionPointers", "OverloadedFunctionPointers.csproj", "{c66c85ec-ac79-d4b7-d261-da15fbe2084d}"
EndProject
Global
	GlobalSection(SolutionConfigurationPlatforms) = preSolution
		Debug|Any CPU = Debug|Any CPU
	EndGlobalSection
	GlobalSection(ProjectConfigurationPlatforms) = postSolution
		{aefd249a-cd4e-a5b5-d531-8ab98bd84847}.Debug|Any CPU.ActiveCfg = Debug|Any CPU
		{aefd249a-cd4e-a5b5-d531-8ab98bd84847}.Debug|Any CPU.Build.0 = Debug|Any CPU
		{d3f75d6d-3138-0ada-1de1-54eae5265e99}.Debug|Any CPU.ActiveCfg = Debug|Any CPU
		{d3f75d6d-3138-0ada-1de1-54eae5265e99}.Debug|Any CPU.Build.0 = Debug|Any CPU
		{0bef219c-ebf4-dc30-b480-0a182318f597}.Debug|Any CPU.ActiveCfg = Debug|Any CPU
		{0bef219c-ebf4-dc30-b480-0a182318f597}.Debug|Any CPU.Build.0 = Debug|Any CPU
		{27b16fe1-6aa1-3d9c-58cd-0fc2fb490634}.Debug|Any CPU.ActiveCfg = Debug|Any CPU
		{27b16fe1-6aa1-3d9c-58cd-0fc2fb490634}.Debug|Any CPU.Build.0 = Debug|Any CPU
		{b4c97af0-78c0-439d-a556-b6d31aff9c9e}.Debug|Any CPU.ActiveCfg = Debug|Any CPU
		{b4c97af0-78c0-439d-a556-b6d31aff9c9e}.Debug|Any CPU.Build.0 = Debug|Any CPU
		{e9c4364f-e2cb-77b6-a6b6-ce72e99c03b8}.Debug|Any CPU.ActiveCfg = Debug|Any CPU
		{e9c4364f-e2cb-77b6-a6b6-ce72e99c03b8}.Debug|Any CPU.Build.0 = Debug|Any CPU
		{76b76c0c-c77c-b403-c3f6-00d1fa3736d2}.Debug|Any CPU.ActiveCfg = Debug|Any CPU
		{76b76c0c-c77c-b403-c3f6-00d1fa3736d2}.Debug|Any CPU.Build.0 = Debug|Any CPU
		{372f77df-f07e-cde7-a519-529466b0b4eb}.Debug|Any CPU.ActiveCfg = Debug|Any CPU
		{372f77df-f07e-cde7-a519-529466b0b4eb}.Debug|Any CPU.Build.0 = Debug|Any CPU
		{2122b64b-b866-b749-d0cf-125d726d5fdc}.Debug|Any CPU.ActiveCfg = Debug|Any CPU
		{2122b64b-b866-b749-d0cf-125d726d5fdc}.Debug|Any CPU.Build.0 = Debug|Any CPU
		{737dea85-3ec9-64d2-2712-5dfca84bea92}.Debug|Any CPU.ActiveCfg = Debug|Any CPU
		{737dea85-3ec9-64d2-2712-5dfca84bea92}.Debug|Any CPU.Build.0 = Debug|Any CPU
		{e62f7ad2-75cd-a525-59cf-8551d54dc399}.Debug|Any CPU.ActiveCfg = Debug|Any CPU
		{e62f7ad2-75cd-a525-59cf-8551d54dc399}.Debug|Any CPU.Build.0 = Debug|Any CPU
		{d28f1ffd-1435-5ed2-b884-56efb4dfbfb2}.Debug|Any CPU.ActiveCfg = Debug|Any CPU
		{d28f1ffd-1435-5ed2-b884-56efb4dfbfb2}.Debug|Any CPU.Build.0 = Debug|Any CPU
		{957b9bea-80f0-5858-3490-fc3871bb51d0}.Debug|Any CPU.ActiveCfg = Debug|Any CPU
		{957b9bea-80f0-5858-3490-fc3871bb51d0}.Debug|Any CPU.Build.0 = Debug|Any CPU
		{e4d4f4e2-99b1-2079-e8ab-aa717f6cda24}.Debug|Any CPU.ActiveCfg = Debug|Any CPU
		{e4d4f4e2-99b1-2079-e8ab-aa717f6cda24}.Debug|Any CPU.Build.0 = Debug|Any CPU
		{0417b2a7-0ef2-7037-5bd3-082e2bd81e83}.Debug|Any CPU.ActiveCfg = Debug|Any CPU
		{0417b2a7-0ef2-7037-5bd3-082e2bd81e83}.Debug|Any CPU.Build.0 = Debug|Any CPU
		{9fbaff6d-4acc-f17a-4dc1-b079e4d67ac9}.Debug|Any CPU.ActiveCfg = Debug|Any CPU
		{9fbaff6d-4acc-f17a-4dc1-b079e4d67ac9}.Debug|Any CPU.Build.0 = Debug|Any CPU
		{04e81d58-0a33-987c-07be-2f7d0be6b231}.Debug|Any CPU.ActiveCfg = Debug|Any CPU
		{04e81d58-0a33-987c-07be-2f7d0be6b231}.Debug|Any CPU.Build.0 = Debug|Any CPU
		{a4a4d326-3263-a2fd-3ad0-405b91e46c16}.Debug|Any CPU.ActiveCfg = Debug|Any CPU
		{a4a4d326-3263-a2fd-3ad0-405b91e46c16}.Debug|Any CPU.Build.0 = Debug|Any CPU
		{0a3ed937-f9c0-6e5a-e4c8-b2a0c75acac8}.Debug|Any CPU.ActiveCfg = Debug|Any CPU
		{0a3ed937-f9c0-6e5a-e4c8-b2a0c75acac8}.Debug|Any CPU.Build.0 = Debug|Any CPU
		{d962a9e9-f291-16bf-fd65-a41f7f5a1b48}.Debug|Any CPU.ActiveCfg = Debug|Any CPU
		{d962a9e9-f291-16bf-fd65-a41f7f5a1b48}.Debug|Any CPU.Build.0 = Debug|Any CPU
		{ac6b5ddc-08d0-66c7-c21a-07f179b0d538}.Debug|Any CPU.ActiveCfg = Debug|Any CPU
		{ac6b5ddc-08d0-66c7-c21a-07f179b0d538}.Debug|Any CPU.Build.0 = Debug|Any CPU
		{e86473ae-c7a0-08ab-9926-3f1e10db48f9}.Debug|Any CPU.ActiveCfg = Debug|Any CPU
		{e86473ae-c7a0-08ab-9926-3f1e10db48f9}.Debug|Any CPU.Build.0 = Debug|Any CPU
		{2ff992b7-d3e5-44bd-6073-88765daf36fe}.Debug|Any CPU.ActiveCfg = Debug|Any CPU
		{2ff992b7-d3e5-44bd-6073-88765daf36fe}.Debug|Any CPU.Build.0 = Debug|Any CPU
		{2a3e4c00-3e5e-f56f-4fd6-e11d5542d386}.Debug|Any CPU.ActiveCfg = Debug|Any CPU
		{2a3e4c00-3e5e-f56f-4fd6-e11d5542d386}.Debug|Any CPU.Build.0 = Debug|Any CPU
		{0a8940cc-2f73-b6e9-8689-bb3f410af331}.Debug|Any CPU.ActiveCfg = Debug|Any CPU
		{0a8940cc-2f73-b6e9-8689-bb3f410af331}.Debug|Any CPU.Build.0 = Debug|Any CPU
		{a1c75228-f2fe-734b-c24b-430c1fd82869}.Debug|Any CPU.ActiveCfg = Debug|Any CPU
		{a1c75228-f2fe-734b-c24b-430c1fd82869}.Debug|Any CPU.Build.0 = Debug|Any CPU
		{92affd20-bcd8-0341-32b1-06e97d146ddc}.Debug|Any CPU.ActiveCfg = Debug|Any CPU
		{92affd20-bcd8-0341-32b1-06e97d146ddc}.Debug|Any CPU.Build.0 = Debug|Any CPU
		{fe61732f-a7d8-974c-2174-7c790cbc3461}.Debug|Any CPU.ActiveCfg = Debug|Any CPU
		{fe61732f-a7d8-974c-2174-7c790cbc3461}.Debug|Any CPU.Build.0 = Debug|Any CPU
		{fe07ba9b-097d-7f3c-4479-6f68ccd3192a}.Debug|Any CPU.ActiveCfg = Debug|Any CPU
		{fe07ba9b-097d-7f3c-4479-6f68ccd3192a}.Debug|Any CPU.Build.0 = Debug|Any CPU
		{da6ef9c4-6019-a92e-0734-bef29ac6d9ee}.Debug|Any CPU.ActiveCfg = Debug|Any CPU
		{da6ef9c4-6019-a92e-0734-bef29ac6d9ee}.Debug|Any CPU.Build.0 = Debug|Any CPU
		{8e509f06-ff7a-3672-96f9-b0df3ef2423d}.Debug|Any CPU.ActiveCfg = Debug|Any CPU
		{8e509f06-ff7a-3672-96f9-b0df3ef2423d}.Debug|Any CPU.Build.0 = Debug|Any CPU
		{7bcb8b0d-1c80-ca3d-c985-c25086bda1e4}.Debug|Any CPU.ActiveCfg = Debug|Any CPU
		{7bcb8b0d-1c80-ca3d-c985-c25086bda1e4}.Debug|Any CPU.Build.0 = Debug|Any CPU
		{5c938f0f-7318-56ca-b0c0-a78760bf8d8b}.Debug|Any CPU.ActiveCfg = Debug|Any CPU
		{5c938f0f-7318-56ca-b0c0-a78760bf8d8b}.Debug|Any CPU.Build.0 = Debug|Any CPU
		{50e965f0-5ece-dfad-72da-9e3566c0a382}.Debug|Any CPU.ActiveCfg = Debug|Any CPU
		{50e965f0-5ece-dfad-72da-9e3566c0a382}.Debug|Any CPU.Build.0 = Debug|Any CPU
		{c64e0b35-fd6d-a2fc-5b93-aba7e9204a37}.Debug|Any CPU.ActiveCfg = Debug|Any CPU
		{c64e0b35-fd6d-a2fc-5b93-aba7e9204a37}.Debug|Any CPU.Build.0 = Debug|Any CPU
		{c4fc89ff-2201-1910-69fc-2a14e1ac6a50}.Debug|Any CPU.ActiveCfg = Debug|Any CPU
		{c4fc89ff-2201-1910-69fc-2a14e1ac6a50}.Debug|Any CPU.Build.0 = Debug|Any CPU
		{fcef9cc6-8bd2-262f-a73a-1ac58d28ebef}.Debug|Any CPU.ActiveCfg = Debug|Any CPU
		{fcef9cc6-8bd2-262f-a73a-1ac58d28ebef}.Debug|Any CPU.Build.0 = Debug|Any CPU
		{a2df20be-46ca-9a26-a371-3486ba9be53b}.Debug|Any CPU.ActiveCfg = Debug|Any CPU
		{a2df20be-46ca-9a26-a371-3486ba9be53b}.Debug|Any CPU.Build.0 = Debug|Any CPU
		{bd3f6a9f-0d68-349e-e282-3ff74e93c420}.Debug|Any CPU.ActiveCfg = Debug|Any CPU
		{bd3f6a9f-0d68-349e-e282-3ff74e93c420}.Debug|Any CPU.Build.0 = Debug|Any CPU
		{e095e756-ab6a-9c69-779c-83d053453bef}.Debug|Any CPU.ActiveCfg = Debug|Any CPU
		{e095e756-ab6a-9c69-779c-83d053453bef}.Debug|Any CPU.Build.0 = Debug|Any CPU
		{ca17fa33-c496-841f-a029-0f98b59d8959}.Debug|Any CPU.ActiveCfg = Debug|Any CPU
		{ca17fa33-c496-841f-a029-0f98b59d8959}.Debug|Any CPU.Build.0 = Debug|Any CPU
		{3cbe5214-7ccd-dbd3-8a57-9866aaebb6ea}.Debug|Any CPU.ActiveCfg = Debug|Any CPU
		{3cbe5214-7ccd-dbd3-8a57-9866aaebb6ea}.Debug|Any CPU.Build.0 = Debug|Any CPU
		{c0771a30-6b09-06a7-2fc6-abbf47ea8dff}.Debug|Any CPU.ActiveCfg = Debug|Any CPU
		{c0771a30-6b09-06a7-2fc6-abbf47ea8dff}.Debug|Any CPU.Build.0 = Debug|Any CPU
		{09372241-0822-099a-5fcf-1c2335db4ae4}.Debug|Any CPU.ActiveCfg = Debug|Any CPU
		{09372241-0822-099a-5fcf-1c2335db4ae4}.Debug|Any CPU.Build.0 = Debug|Any CPU
		{715eea7d-409f-c681-5c32-77884c6cecaa}.Debug|Any CPU.ActiveCfg = Debug|Any CPU
		{715eea7d-409f-c681-5c32-77884c6cecaa}.Debug|Any CPU.Build.0 = Debug|Any CPU
		{9d9b05f6-29e6-406e-65c7-28c2db2be324}.Debug|Any CPU.ActiveCfg = Debug|Any CPU
		{9d9b05f6-29e6-406e-65c7-28c2db2be324}.Debug|Any CPU.Build.0 = Debug|Any CPU
		{d6ea095f-48a8-4383-13b9-b67a2395bbf9}.Debug|Any CPU.ActiveCfg = Debug|Any CPU
		{d6ea095f-48a8-4383-13b9-b67a2395bbf9}.Debug|Any CPU.Build.0 = Debug|Any CPU
		{5f3cfaaa-7d67-b935-4304-fdfdae02b6db}.Debug|Any CPU.ActiveCfg = Debug|Any CPU
		{5f3cfaaa-7d67-b935-4304-fdfdae02b6db}.Debug|Any CPU.Build.0 = Debug|Any CPU
		{e91dbbad-2585-cdb0-5037-b9c9fac4ad89}.Debug|Any CPU.ActiveCfg = Debug|Any CPU
		{e91dbbad-2585-cdb0-5037-b9c9fac4ad89}.Debug|Any CPU.Build.0 = Debug|Any CPU
		{b0a26ecf-3901-89fb-092a-26bd42298652}.Debug|Any CPU.ActiveCfg = Debug|Any CPU
		{b0a26ecf-3901-89fb-092a-26bd42298652}.Debug|Any CPU.Build.0 = Debug|Any CPU
		{4d4626d3-859c-4fb3-1226-2a787a8b212f}.Debug|Any CPU.ActiveCfg = Debug|Any CPU
		{4d4626d3-859c-4fb3-1226-2a787a8b212f}.Debug|Any CPU.Build.0 = Debug|Any CPU
		{3da245fa-ce4a-1e73-c4ed-f8e18e462db4}.Debug|Any CPU.ActiveCfg = Debug|Any CPU
		{3da245fa-ce4a-1e73-c4ed-f8e18e462db4}.Debug|Any CPU.Build.0 = Debug|Any CPU
		{e92326c1-4889-fc95-c6a1-e911aa0030b9}.Debug|Any CPU.ActiveCfg = Debug|Any CPU
		{e92326c1-4889-fc95-c6a1-e911aa0030b9}.Debug|Any CPU.Build.0 = Debug|Any CPU
		{14b73ec0-b4a2-7bea-a123-bf9eea70bd80}.Debug|Any CPU.ActiveCfg = Debug|Any CPU
		{14b73ec0-b4a2-7bea-a123-bf9eea70bd80}.Debug|Any CPU.Build.0 = Debug|Any CPU
		{450f1d6e-cb4c-be46-5d6f-fc0eee87bf2e}.Debug|Any CPU.ActiveCfg = Debug|Any CPU
		{450f1d6e-cb4c-be46-5d6f-fc0eee87bf2e}.Debug|Any CPU.Build.0 = Debug|Any CPU
		{b6d63b54-57bc-133a-a61a-06044f960a2b}.Debug|Any CPU.ActiveCfg = Debug|Any CPU
		{b6d63b54-57bc-133a-a61a-06044f960a2b}.Debug|Any CPU.Build.0 = Debug|Any CPU
		{67258307-d544-8405-0005-6d73b3f826fd}.Debug|Any CPU.ActiveCfg = Debug|Any CPU
		{67258307-d544-8405-0005-6d73b3f826fd}.Debug|Any CPU.Build.0 = Debug|Any CPU
		{3ac0d923-3850-8cb5-28a0-6b2ee6a558e5}.Debug|Any CPU.ActiveCfg = Debug|Any CPU
		{3ac0d923-3850-8cb5-28a0-6b2ee6a558e5}.Debug|Any CPU.Build.0 = Debug|Any CPU
		{cbf82148-255b-bbc5-0ded-b75374829318}.Debug|Any CPU.ActiveCfg = Debug|Any CPU
		{cbf82148-255b-bbc5-0ded-b75374829318}.Debug|Any CPU.Build.0 = Debug|Any CPU
		{df6d5ebc-ced2-b93c-fab3-b2fd8a03e472}.Debug|Any CPU.ActiveCfg = Debug|Any CPU
		{df6d5ebc-ced2-b93c-fab3-b2fd8a03e472}.Debug|Any CPU.Build.0 = Debug|Any CPU
		{a794256e-b971-b7a7-110e-b0a67d634ee5}.Debug|Any CPU.ActiveCfg = Debug|Any CPU
		{a794256e-b971-b7a7-110e-b0a67d634ee5}.Debug|Any CPU.Build.0 = Debug|Any CPU
		{ffc02c3c-79ce-3639-4344-64c508436470}.Debug|Any CPU.ActiveCfg = Debug|Any CPU
		{ffc02c3c-79ce-3639-4344-64c508436470}.Debug|Any CPU.Build.0 = Debug|Any CPU
		{0f05c270-165e-49fd-e2fe-ae87866040ef}.Debug|Any CPU.ActiveCfg = Debug|Any CPU
		{0f05c270-165e-49fd-e2fe-ae87866040ef}.Debug|Any CPU.Build.0 = Debug|Any CPU
		{b4602bf9-438d-242e-cda3-09c5c33f62d8}.Debug|Any CPU.ActiveCfg = Debug|Any CPU
		{b4602bf9-438d-242e-cda3-09c5c33f62d8}.Debug|Any CPU.Build.0 = Debug|Any CPU
		{fd44c0d9-b2b6-5894-654e-4e2bf19b64be}.Debug|Any CPU.ActiveCfg = Debug|Any CPU
		{fd44c0d9-b2b6-5894-654e-4e2bf19b64be}.Debug|Any CPU.Build.0 = Debug|Any CPU
		{24b27bc5-b0df-e194-3a45-5c3c3347a1aa}.Debug|Any CPU.ActiveCfg = Debug|Any CPU
		{24b27bc5-b0df-e194-3a45-5c3c3347a1aa}.Debug|Any CPU.Build.0 = Debug|Any CPU
		{00c82463-3986-dd3a-70f1-2b7928350fcc}.Debug|Any CPU.ActiveCfg = Debug|Any CPU
		{00c82463-3986-dd3a-70f1-2b7928350fcc}.Debug|Any CPU.Build.0 = Debug|Any CPU
		{79da1a7c-c359-7903-988d-42c692fcd49b}.Debug|Any CPU.ActiveCfg = Debug|Any CPU
		{79da1a7c-c359-7903-988d-42c692fcd49b}.Debug|Any CPU.Build.0 = Debug|Any CPU
		{6f5b295c-ee86-684a-db2a-4f5c13938dc6}.Debug|Any CPU.ActiveCfg = Debug|Any CPU
		{6f5b295c-ee86-684a-db2a-4f5c13938dc6}.Debug|Any CPU.Build.0 = Debug|Any CPU
		{683824b3-1125-cea8-2fbd-cfb3e71afb34}.Debug|Any CPU.ActiveCfg = Debug|Any CPU
		{683824b3-1125-cea8-2fbd-cfb3e71afb34}.Debug|Any CPU.Build.0 = Debug|Any CPU
		{f8ac3020-2779-394a-bdb5-53dd9cba01d9}.Debug|Any CPU.ActiveCfg = Debug|Any CPU
		{f8ac3020-2779-394a-bdb5-53dd9cba01d9}.Debug|Any CPU.Build.0 = Debug|Any CPU
		{995ff0a0-82ab-9dcf-8d5e-e8e5cf5a9c69}.Debug|Any CPU.ActiveCfg = Debug|Any CPU
		{995ff0a0-82ab-9dcf-8d5e-e8e5cf5a9c69}.Debug|Any CPU.Build.0 = Debug|Any CPU
		{7e7ecedd-49ab-ba91-aec4-1b5e39fe9098}.Debug|Any CPU.ActiveCfg = Debug|Any CPU
		{7e7ecedd-49ab-ba91-aec4-1b5e39fe9098}.Debug|Any CPU.Build.0 = Debug|Any CPU
		{2781099d-1205-4ca1-94ac-38c870128c5a}.Debug|Any CPU.ActiveCfg = Debug|Any CPU
		{2781099d-1205-4ca1-94ac-38c870128c5a}.Debug|Any CPU.Build.0 = Debug|Any CPU
		{552afd5c-a1f1-d019-ee24-4f463590eff0}.Debug|Any CPU.ActiveCfg = Debug|Any CPU
		{552afd5c-a1f1-d019-ee24-4f463590eff0}.Debug|Any CPU.Build.0 = Debug|Any CPU
		{29245422-6601-f160-c277-2731e24a1964}.Debug|Any CPU.ActiveCfg = Debug|Any CPU
		{29245422-6601-f160-c277-2731e24a1964}.Debug|Any CPU.Build.0 = Debug|Any CPU
		{e58e2be1-6409-e2b4-0bf1-d39f27cc6907}.Debug|Any CPU.ActiveCfg = Debug|Any CPU
		{e58e2be1-6409-e2b4-0bf1-d39f27cc6907}.Debug|Any CPU.Build.0 = Debug|Any CPU
		{b53df6e3-e018-d94b-2e76-8b66263259b8}.Debug|Any CPU.ActiveCfg = Debug|Any CPU
		{b53df6e3-e018-d94b-2e76-8b66263259b8}.Debug|Any CPU.Build.0 = Debug|Any CPU
		{f0a06bb2-1cdf-59f6-6f1c-7e9b41547957}.Debug|Any CPU.ActiveCfg = Debug|Any CPU
		{f0a06bb2-1cdf-59f6-6f1c-7e9b41547957}.Debug|Any CPU.Build.0 = Debug|Any CPU
		{7c5cff21-4f20-6e4b-8e97-2983a0e87b2d}.Debug|Any CPU.ActiveCfg = Debug|Any CPU
		{7c5cff21-4f20-6e4b-8e97-2983a0e87b2d}.Debug|Any CPU.Build.0 = Debug|Any CPU
		{e49e384d-4f02-204e-5bbf-1ba69e7895ab}.Debug|Any CPU.ActiveCfg = Debug|Any CPU
		{e49e384d-4f02-204e-5bbf-1ba69e7895ab}.Debug|Any CPU.Build.0 = Debug|Any CPU
		{c66c85ec-ac79-d4b7-d261-da15fbe2084d}.Debug|Any CPU.ActiveCfg = Debug|Any CPU
		{c66c85ec-ac79-d4b7-d261-da15fbe2084d}.Debug|Any CPU.Build.0 = Debug|Any CPU
	EndGlobalSection
	GlobalSection(SolutionProperties) = preSolution
		HideSolutionNode = FALSE
	EndGlobalSection
EndGlobal
